
Microsoft Visual Studio Solution File, Format Version 12.00
# Visual Studio 15
VisualStudioVersion = 15.0.27703.2026
MinimumVisualStudioVersion = 10.0.40219.1
Project("{FAE04EC0-301F-11D3-BF4B-00C04F79EFBC}") = "LindenGen", "LindenGen\LindenGen.csproj", "{44288AF4-D97E-4F85-81E9-EFCE9A97D6E4}"
EndProject
Global
	GlobalSection(SolutionConfigurationPlatforms) = preSolution
		Debug|Any CPU = Debug|Any CPU
		Release|Any CPU = Release|Any CPU
	EndGlobalSection
	GlobalSection(ProjectConfigurationPlatforms) = postSolution
		{44288AF4-D97E-4F85-81E9-EFCE9A97D6E4}.Debug|Any CPU.ActiveCfg = Debug|Any CPU
		{44288AF4-D97E-4F85-81E9-EFCE9A97D6E4}.Debug|Any CPU.Build.0 = Debug|Any CPU
		{44288AF4-D97E-4F85-81E9-EFCE9A97D6E4}.Release|Any CPU.ActiveCfg = Release|Any CPU
		{44288AF4-D97E-4F85-81E9-EFCE9A97D6E4}.Release|Any CPU.Build.0 = Release|Any CPU
	EndGlobalSection
	GlobalSection(SolutionProperties) = preSolution
		HideSolutionNode = FALSE
	EndGlobalSection
	GlobalSection(ExtensibilityGlobals) = postSolution
		SolutionGuid = {FB50AD7D-EE6E-4DA7-9B93-AB2F55315469}
	EndGlobalSection
EndGlobal
